
Microsoft Visual Studio Solution File, Format Version 12.00
# Visual Studio Version 16
VisualStudioVersion = 16.0.28803.352
MinimumVisualStudioVersion = 10.0.40219.1
Project("{FAE04EC0-301F-11D3-BF4B-00C04F79EFBC}") = "ITI.DesignPatterns", "ITI.DesignPatterns\ITI.DesignPatterns.csproj", "{FF326CB5-F5A0-43E3-9157-B6B14FDEB814}"
EndProject
Project("{FAE04EC0-301F-11D3-BF4B-00C04F79EFBC}") = "ITI.DesignPatterns.Tests", "ITI.DesignPatterns.Tests\ITI.DesignPatterns.Tests.csproj", "{BB324342-D193-4B65-AED4-75A88338CBC8}"
EndProject
Global
	GlobalSection(SolutionConfigurationPlatforms) = preSolution
		Debug|Any CPU = Debug|Any CPU
		Release|Any CPU = Release|Any CPU
	EndGlobalSection
	GlobalSection(ProjectConfigurationPlatforms) = postSolution
		{FF326CB5-F5A0-43E3-9157-B6B14FDEB814}.Debug|Any CPU.ActiveCfg = Debug|Any CPU
		{FF326CB5-F5A0-43E3-9157-B6B14FDEB814}.Debug|Any CPU.Build.0 = Debug|Any CPU
		{FF326CB5-F5A0-43E3-9157-B6B14FDEB814}.Release|Any CPU.ActiveCfg = Release|Any CPU
		{FF326CB5-F5A0-43E3-9157-B6B14FDEB814}.Release|Any CPU.Build.0 = Release|Any CPU
		{BB324342-D193-4B65-AED4-75A88338CBC8}.Debug|Any CPU.ActiveCfg = Debug|Any CPU
		{BB324342-D193-4B65-AED4-75A88338CBC8}.Debug|Any CPU.Build.0 = Debug|Any CPU
		{BB324342-D193-4B65-AED4-75A88338CBC8}.Release|Any CPU.ActiveCfg = Release|Any CPU
		{BB324342-D193-4B65-AED4-75A88338CBC8}.Release|Any CPU.Build.0 = Release|Any CPU
	EndGlobalSection
	GlobalSection(SolutionProperties) = preSolution
		HideSolutionNode = FALSE
	EndGlobalSection
	GlobalSection(ExtensibilityGlobals) = postSolution
		SolutionGuid = {34620A7A-64AB-48C6-B13C-646ACAF8D5B8}
	EndGlobalSection
EndGlobal
